
Microsoft Visual Studio Solution File, Format Version 12.00
# Visual Studio 15
VisualStudioVersion = 15.0.27428.2015
MinimumVisualStudioVersion = 10.0.40219.1
Project("{FAE04EC0-301F-11D3-BF4B-00C04F79EFBC}") = "Syku.SOA", "Syku.SOA\Syku.SOA.csproj", "{B59D1FBA-E12E-4050-B8B3-8B922C4D6179}"
EndProject
Global
	GlobalSection(SolutionConfigurationPlatforms) = preSolution
		Debug|Any CPU = Debug|Any CPU
		Release|Any CPU = Release|Any CPU
	EndGlobalSection
	GlobalSection(ProjectConfigurationPlatforms) = postSolution
		{B59D1FBA-E12E-4050-B8B3-8B922C4D6179}.Debug|Any CPU.ActiveCfg = Debug|Any CPU
		{B59D1FBA-E12E-4050-B8B3-8B922C4D6179}.Debug|Any CPU.Build.0 = Debug|Any CPU
		{B59D1FBA-E12E-4050-B8B3-8B922C4D6179}.Release|Any CPU.ActiveCfg = Release|Any CPU
		{B59D1FBA-E12E-4050-B8B3-8B922C4D6179}.Release|Any CPU.Build.0 = Release|Any CPU
	EndGlobalSection
	GlobalSection(SolutionProperties) = preSolution
		HideSolutionNode = FALSE
	EndGlobalSection
	GlobalSection(ExtensibilityGlobals) = postSolution
		SolutionGuid = {CEF90A39-8686-4E2D-9022-A0B4EFB8E38A}
	EndGlobalSection
EndGlobal
