
Microsoft Visual Studio Solution File, Format Version 12.00
# Visual Studio 15
VisualStudioVersion = 15.0.27428.2015
MinimumVisualStudioVersion = 10.0.40219.1
Project("{9A19103F-16F7-4668-BE54-9A1E7A4F7556}") = "Syku.SOA.Common", "Syku.SOA.Common\Syku.SOA.Common.csproj", "{3997FCB8-51FD-4999-BE68-320C662C31F2}"
EndProject
Project("{9A19103F-16F7-4668-BE54-9A1E7A4F7556}") = "Syku.SOA.Service", "Syku.SOA.Service\Syku.SOA.Service.csproj", "{04387A18-F7C5-4CD2-A9E0-C3EEEDF0977C}"
EndProject
Project("{9A19103F-16F7-4668-BE54-9A1E7A4F7556}") = "Syku.SOA.Website", "Syku.SOA.Website\Syku.SOA.Website.csproj", "{F57579DA-343E-4629-BB2A-96F5BC5B5E93}"
EndProject
Global
	GlobalSection(SolutionConfigurationPlatforms) = preSolution
		Debug|Any CPU = Debug|Any CPU
		Release|Any CPU = Release|Any CPU
	EndGlobalSection
	GlobalSection(ProjectConfigurationPlatforms) = postSolution
		{3997FCB8-51FD-4999-BE68-320C662C31F2}.Debug|Any CPU.ActiveCfg = Debug|Any CPU
		{3997FCB8-51FD-4999-BE68-320C662C31F2}.Debug|Any CPU.Build.0 = Debug|Any CPU
		{3997FCB8-51FD-4999-BE68-320C662C31F2}.Release|Any CPU.ActiveCfg = Release|Any CPU
		{3997FCB8-51FD-4999-BE68-320C662C31F2}.Release|Any CPU.Build.0 = Release|Any CPU
		{04387A18-F7C5-4CD2-A9E0-C3EEEDF0977C}.Debug|Any CPU.ActiveCfg = Debug|Any CPU
		{04387A18-F7C5-4CD2-A9E0-C3EEEDF0977C}.Debug|Any CPU.Build.0 = Debug|Any CPU
		{04387A18-F7C5-4CD2-A9E0-C3EEEDF0977C}.Release|Any CPU.ActiveCfg = Release|Any CPU
		{04387A18-F7C5-4CD2-A9E0-C3EEEDF0977C}.Release|Any CPU.Build.0 = Release|Any CPU
		{F57579DA-343E-4629-BB2A-96F5BC5B5E93}.Debug|Any CPU.ActiveCfg = Debug|Any CPU
		{F57579DA-343E-4629-BB2A-96F5BC5B5E93}.Debug|Any CPU.Build.0 = Debug|Any CPU
		{F57579DA-343E-4629-BB2A-96F5BC5B5E93}.Release|Any CPU.ActiveCfg = Release|Any CPU
		{F57579DA-343E-4629-BB2A-96F5BC5B5E93}.Release|Any CPU.Build.0 = Release|Any CPU
	EndGlobalSection
	GlobalSection(SolutionProperties) = preSolution
		HideSolutionNode = FALSE
	EndGlobalSection
	GlobalSection(ExtensibilityGlobals) = postSolution
		SolutionGuid = {CEF90A39-8686-4E2D-9022-A0B4EFB8E38A}
	EndGlobalSection
EndGlobal
